
Microsoft Visual Studio Solution File, Format Version 12.00
# Visual Studio Version 17
VisualStudioVersion = 17.10.34916.146
MinimumVisualStudioVersion = 10.0.40219.1
Project("{FAE04EC0-301F-11D3-BF4B-00C04F79EFBC}") = "BethanysPieShopHRM", "BethanysPieShopHRM\BethanysPieShopHRM.csproj", "{A862C5F7-1C05-46AD-8116-CE4CC2604884}"
EndProject
Project("{9A19103F-16F7-4668-BE54-9A1E7A4F7556}") = "BethanysPieShopHRM.Shared", "BethanysPieShopHRM.Shared\BethanysPieShopHRM.Shared.csproj", "{70D804C1-6964-4FEB-8D46-3C0950CB7E3E}"
EndProject
Global
	GlobalSection(SolutionConfigurationPlatforms) = preSolution
		Debug|Any CPU = Debug|Any CPU
		Release|Any CPU = Release|Any CPU
	EndGlobalSection
	GlobalSection(ProjectConfigurationPlatforms) = postSolution
		{A862C5F7-1C05-46AD-8116-CE4CC2604884}.Debug|Any CPU.ActiveCfg = Debug|Any CPU
		{A862C5F7-1C05-46AD-8116-CE4CC2604884}.Debug|Any CPU.Build.0 = Debug|Any CPU
		{A862C5F7-1C05-46AD-8116-CE4CC2604884}.Release|Any CPU.ActiveCfg = Release|Any CPU
		{A862C5F7-1C05-46AD-8116-CE4CC2604884}.Release|Any CPU.Build.0 = Release|Any CPU
		{70D804C1-6964-4FEB-8D46-3C0950CB7E3E}.Debug|Any CPU.ActiveCfg = Debug|Any CPU
		{70D804C1-6964-4FEB-8D46-3C0950CB7E3E}.Debug|Any CPU.Build.0 = Debug|Any CPU
		{70D804C1-6964-4FEB-8D46-3C0950CB7E3E}.Release|Any CPU.ActiveCfg = Release|Any CPU
		{70D804C1-6964-4FEB-8D46-3C0950CB7E3E}.Release|Any CPU.Build.0 = Release|Any CPU
	EndGlobalSection
	GlobalSection(SolutionProperties) = preSolution
		HideSolutionNode = FALSE
	EndGlobalSection
	GlobalSection(ExtensibilityGlobals) = postSolution
		SolutionGuid = {051000BE-539E-4484-8C1D-BFE46E3E2646}
	EndGlobalSection
EndGlobal
